{
  "version": "5",
  "remote": {
    "https://cdn.jsdelivr.net/npm/fflate@0.8.3/esm/browser.js": "b7ca4450b19559a1d50eb381adcee94b82449674be4cd17789d9beba7e6122a1"
  },
  "workspace": {
    "packageJson": {
      "dependencies": [
        "npm:@biomejs/biome@2.3.8",
        "npm:@parcel/config-default@^2.16.3",
        "npm:@parcel/config-webextension@^2.16.3",
        "npm:@parcel/transformer-sass@2.16.3",
        "npm:autoprefixer@^10.5.0",
        "npm:fontkit@2.0.4",
        "npm:parcel@^2.16.3",
        "npm:postcss@^8.5.6",
        "npm:stylelint-config-standard-scss@16",
        "npm:stylelint@^16.26.1",
        "npm:webextension-polyfill@0.12"
      ]
    }
  }
}
