{
  "version": "5",
  "remote": {
    "https://cdn.jsdelivr.net/npm/fflate/esm/browser.js": "8cc1f687e0159e977addb6b85e274dbd11e622cf151f4fcb7b85d49622ea43e7"
  },
  "workspace": {
    "packageJson": {
      "dependencies": [
        "npm:@biomejs/biome@2.3.8",
        "npm:@parcel/config-default@^2.16.3",
        "npm:@parcel/config-webextension@^2.16.3",
        "npm:@parcel/transformer-sass@2.16.3",
        "npm:parcel@^2.16.3",
        "npm:stylelint-config-standard-scss@16",
        "npm:stylelint@^16.26.1",
        "npm:webextension-polyfill@0.12"
      ]
    }
  }
}
