{
  "version": "5",
  "specifiers": {
    "npm:fflate@0.8.2": "0.8.2"
  },
  "npm": {
    "fflate@0.8.2": {
      "integrity": "sha512-cPJU47OaAoCbg0pBvzsgpTPhmhqI5eJjh/JIu8tPj5q+T7iLvW/JAYUqmE7KOB4R1ZyEhzBaIQpQpardBF5z8A=="
    }
  },
  "workspace": {
    "packageJson": {
      "dependencies": [
        "npm:@biomejs/biome@2.3.8",
        "npm:@parcel/config-default@^2.16.3",
        "npm:@parcel/config-webextension@^2.16.3",
        "npm:@parcel/transformer-sass@2.16.3",
        "npm:autoprefixer@^10.5.0",
        "npm:parcel@^2.16.3",
        "npm:postcss@^8.5.6",
        "npm:stylelint-config-standard-scss@16",
        "npm:stylelint@^16.26.1",
        "npm:webextension-polyfill@0.12"
      ]
    }
  }
}
